// !$*UTF8*$!
{
	archiveVersion = 1;
	classes = {
	};
	objectVersion = 50;
	objects = {

/* Begin PBXBuildFile section */
		5DAD83B027C9305800CD2394 /* AppDelegate.swift in Sources */ = {isa = PBXBuildFile; fileRef = 5DAD83AF27C9305800CD2394 /* AppDelegate.swift */; };
		5DAD83B227C9305800CD2394 /* SceneDelegate.swift in Sources */ = {isa = PBXBuildFile; fileRef = 5DAD83B127C9305800CD2394 /* SceneDelegate.swift */; };
		5DAD83B427C9305800CD2394 /* ViewController.swift in Sources */ = {isa = PBXBuildFile; fileRef = 5DAD83B327C9305800CD2394 /* ViewController.swift */; };
		5DAD83B727C9305800CD2394 /* Main.storyboard in Resources */ = {isa = PBXBuildFile; fileRef = 5DAD83B527C9305800CD2394 /* Main.storyboard */; };
		5DAD83B927C9305E00CD2394 /* Assets.xcassets in Resources */ = {isa = PBXBuildFile; fileRef = 5DAD83B827C9305E00CD2394 /* Assets.xcassets */; };
		5DAD83BC27C9305E00CD2394 /* LaunchScreen.storyboard in Resources */ = {isa = PBXBuildFile; fileRef = 5DAD83BA27C9305E00CD2394 /* LaunchScreen.storyboard */; };
		5DAD83C527C9354D00CD2394 /* SecondViewController.swift in Sources */ = {isa = PBXBuildFile; fileRef = 5DAD83C427C9354D00CD2394 /* SecondViewController.swift */; };
		5DAD83C827C9358200CD2394 /* ThirdViewController.swift in Sources */ = {isa = PBXBuildFile; fileRef = 5DAD83C727C9358200CD2394 /* ThirdViewController.swift */; };
		5DAD83CB27C93F4300CD2394 /* PopupViewController.swift in Sources */ = {isa = PBXBuildFile; fileRef = 5DAD83CA27C93F4300CD2394 /* PopupViewController.swift */; };
/* End PBXBuildFile section */

/* Begin PBXFileReference section */
		5DAD83AC27C9305800CD2394 /* 03ViewStruct.app */ = {isa = PBXFileReference; explicitFileType = wrapper.application; includeInIndex = 0; path = 03ViewStruct.app; sourceTree = BUILT_PRODUCTS_DIR; };
		5DAD83AF27C9305800CD2394 /* AppDelegate.swift */ = {isa = PBXFileReference; lastKnownFileType = sourcecode.swift; path = AppDelegate.swift; sourceTree = "<group>"; };
		5DAD83B127C9305800CD2394 /* SceneDelegate.swift */ = {isa = PBXFileReference; lastKnownFileType = sourcecode.swift; path = SceneDelegate.swift; sourceTree = "<group>"; };
		5DAD83B327C9305800CD2394 /* ViewController.swift */ = {isa = PBXFileReference; lastKnownFileType = sourcecode.swift; path = ViewController.swift; sourceTree = "<group>"; };
		5DAD83B627C9305800CD2394 /* Base */ = {isa = PBXFileReference; lastKnownFileType = file.storyboard; name = Base; path = Base.lproj/Main.storyboard; sourceTree = "<group>"; };
		5DAD83B827C9305E00CD2394 /* Assets.xcassets */ = {isa = PBXFileReference; lastKnownFileType = folder.assetcatalog; path = Assets.xcassets; sourceTree = "<group>"; };
		5DAD83BB27C9305E00CD2394 /* Base */ = {isa = PBXFileReference; lastKnownFileType = file.storyboard; name = Base; path = Base.lproj/LaunchScreen.storyboard; sourceTree = "<group>"; };
		5DAD83BD27C9305E00CD2394 /* Info.plist */ = {isa = PBXFileReference; lastKnownFileType = text.plist.xml; path = Info.plist; sourceTree = "<group>"; };
		5DAD83C427C9354D00CD2394 /* SecondViewController.swift */ = {isa = PBXFileReference; lastKnownFileType = sourcecode.swift; path = SecondViewController.swift; sourceTree = "<group>"; };
		5DAD83C727C9358200CD2394 /* ThirdViewController.swift */ = {isa = PBXFileReference; lastKnownFileType = sourcecode.swift; path = ThirdViewController.swift; sourceTree = "<group>"; };
		5DAD83CA27C93F4300CD2394 /* PopupViewController.swift */ = {isa = PBXFileReference; lastKnownFileType = sourcecode.swift; path = PopupViewController.swift; sourceTree = "<group>"; };
/* End PBXFileReference section */

/* Begin PBXFrameworksBuildPhase section */
		5DAD83A927C9305800CD2394 /* Frameworks */ = {
			isa = PBXFrameworksBuildPhase;
			buildActionMask = 2147483647;
			files = (
			);
			runOnlyForDeploymentPostprocessing = 0;
		};
/* End PBXFrameworksBuildPhase section */

/* Begin PBXGroup section */
		5DAD83A327C9305800CD2394 = {
			isa = PBXGroup;
			children = (
				5DAD83AE27C9305800CD2394 /* 03ViewStruct */,
				5DAD83AD27C9305800CD2394 /* Products */,
			);
			sourceTree = "<group>";
		};
		5DAD83AD27C9305800CD2394 /* Products */ = {
			isa = PBXGroup;
			children = (
				5DAD83AC27C9305800CD2394 /* 03ViewStruct.app */,
			);
			name = Products;
			sourceTree = "<group>";
		};
		5DAD83AE27C9305800CD2394 /* 03ViewStruct */ = {
			isa = PBXGroup;
			children = (
				5DAD83AF27C9305800CD2394 /* AppDelegate.swift */,
				5DAD83B127C9305800CD2394 /* SceneDelegate.swift */,
				5DAD83B327C9305800CD2394 /* ViewController.swift */,
				5DAD83C427C9354D00CD2394 /* SecondViewController.swift */,
				5DAD83C727C9358200CD2394 /* ThirdViewController.swift */,
				5DAD83B527C9305800CD2394 /* Main.storyboard */,
				5DAD83CA27C93F4300CD2394 /* PopupViewController.swift */,
				5DAD83B827C9305E00CD2394 /* Assets.xcassets */,
				5DAD83BA27C9305E00CD2394 /* LaunchScreen.storyboard */,
				5DAD83BD27C9305E00CD2394 /* Info.plist */,
			);
			path = 03ViewStruct;
			sourceTree = "<group>";
		};
/* End PBXGroup section */

/* Begin PBXNativeTarget section */
		5DAD83AB27C9305800CD2394 /* 03ViewStruct */ = {
			isa = PBXNativeTarget;
			buildConfigurationList = 5DAD83C027C9305E00CD2394 /* Build configuration list for PBXNativeTarget "03ViewStruct" */;
			buildPhases = (
				5DAD83A827C9305800CD2394 /* Sources */,
				5DAD83A927C9305800CD2394 /* Frameworks */,
				5DAD83AA27C9305800CD2394 /* Resources */,
			);
			buildRules = (
			);
			dependencies = (
			);
			name = 03ViewStruct;
			productName = 03ViewStruct;
			productReference = 5DAD83AC27C9305800CD2394 /* 03ViewStruct.app */;
			productType = "com.apple.product-type.application";
		};
/* End PBXNativeTarget section */

/* Begin PBXProject section */
		5DAD83A427C9305800CD2394 /* Project object */ = {
			isa = PBXProject;
			attributes = {
				LastSwiftUpdateCheck = 1240;
				LastUpgradeCheck = 1240;
				TargetAttributes = {
					5DAD83AB27C9305800CD2394 = {
						CreatedOnToolsVersion = 12.4;
					};
				};
			};
			buildConfigurationList = 5DAD83A727C9305800CD2394 /* Build configuration list for PBXProject "03ViewStruct" */;
			compatibilityVersion = "Xcode 9.3";
			developmentRegion = en;
			hasScannedForEncodings = 0;
			knownRegions = (
				en,
				Base,
			);
			mainGroup = 5DAD83A327C9305800CD2394;
			productRefGroup = 5DAD83AD27C9305800CD2394 /* Products */;
			projectDirPath = "";
			projectRoot = "";
			targets = (
				5DAD83AB27C9305800CD2394 /* 03ViewStruct */,
			);
		};
/* End PBXProject section */

/* Begin PBXResourcesBuildPhase section */
		5DAD83AA27C9305800CD2394 /* Resources */ = {
			isa = PBXResourcesBuildPhase;
			buildActionMask = 2147483647;
			files = (
				5DAD83BC27C9305E00CD2394 /* LaunchScreen.storyboard in Resources */,
				5DAD83B927C9305E00CD2394 /* Assets.xcassets in Resources */,
				5DAD83B727C9305800CD2394 /* Main.storyboard in Resources */,
			);
			runOnlyForDeploymentPostprocessing = 0;
		};
/* End PBXResourcesBuildPhase section */

/* Begin PBXSourcesBuildPhase section */
		5DAD83A827C9305800CD2394 /* Sources */ = {
			isa = PBXSourcesBuildPhase;
			buildActionMask = 2147483647;
			files = (
				5DAD83C527C9354D00CD2394 /* SecondViewController.swift in Sources */,
				5DAD83B427C9305800CD2394 /* ViewController.swift in Sources */,
				5DAD83C827C9358200CD2394 /* ThirdViewController.swift in Sources */,
				5DAD83B027C9305800CD2394 /* AppDelegate.swift in Sources */,
				5DAD83B227C9305800CD2394 /* SceneDelegate.swift in Sources */,
				5DAD83CB27C93F4300CD2394 /* PopupViewController.swift in Sources */,
			);
			runOnlyForDeploymentPostprocessing = 0;
		};
/* End PBXSourcesBuildPhase section */

/* Begin PBXVariantGroup section */
		5DAD83B527C9305800CD2394 /* Main.storyboard */ = {
			isa = PBXVariantGroup;
			children = (
				5DAD83B627C9305800CD2394 /* Base */,
			);
			name = Main.storyboard;
			sourceTree = "<group>";
		};
		5DAD83BA27C9305E00CD2394 /* LaunchScreen.storyboard */ = {
			isa = PBXVariantGroup;
			children = (
				5DAD83BB27C9305E00CD2394 /* Base */,
			);
			name = LaunchScreen.storyboard;
			sourceTree = "<group>";
		};
/* End PBXVariantGroup section */

/* Begin XCBuildConfiguration section */
		5DAD83BE27C9305E00CD2394 /* Debug */ = {
			isa = XCBuildConfiguration;
			buildSettings = {
				ALWAYS_SEARCH_USER_PATHS = NO;
				CLANG_ANALYZER_NONNULL = YES;
				CLANG_ANALYZER_NUMBER_OBJECT_CONVERSION = YES_AGGRESSIVE;
				CLANG_CXX_LANGUAGE_STANDARD = "gnu++14";
				CLANG_CXX_LIBRARY = "libc++";
				CLANG_ENABLE_MODULES = YES;
				CLANG_ENABLE_OBJC_ARC = YES;
				CLANG_ENABLE_OBJC_WEAK = YES;
				CLANG_WARN_BLOCK_CAPTURE_AUTORELEASING = YES;
				CLANG_WARN_BOOL_CONVERSION = YES;
				CLANG_WARN_COMMA = YES;
				CLANG_WARN_CONSTANT_CONVERSION = YES;
				CLANG_WARN_DEPRECATED_OBJC_IMPLEMENTATIONS = YES;
				CLANG_WARN_DIRECT_OBJC_ISA_USAGE = YES_ERROR;
				CLANG_WARN_DOCUMENTATION_COMMENTS = YES;
				CLANG_WARN_EMPTY_BODY = YES;
				CLANG_WARN_ENUM_CONVERSION = YES;
				CLANG_WARN_INFINITE_RECURSION = YES;
				CLANG_WARN_INT_CONVERSION = YES;
				CLANG_WARN_NON_LITERAL_NULL_CONVERSION = YES;
				CLANG_WARN_OBJC_IMPLICIT_RETAIN_SELF = YES;
				CLANG_WARN_OBJC_LITERAL_CONVERSION = YES;
				CLANG_WARN_OBJC_ROOT_CLASS = YES_ERROR;
				CLANG_WARN_QUOTED_INCLUDE_IN_FRAMEWORK_HEADER = YES;
				CLANG_WARN_RANGE_LOOP_ANALYSIS = YES;
				CLANG_WARN_STRICT_PROTOTYPES = YES;
				CLANG_WARN_SUSPICIOUS_MOVE = YES;
				CLANG_WARN_UNGUARDED_AVAILABILITY = YES_AGGRESSIVE;
				CLANG_WARN_UNREACHABLE_CODE = YES;
				CLANG_WARN__DUPLICATE_METHOD_MATCH = YES;
				COPY_PHASE_STRIP = NO;
				DEBUG_INFORMATION_FORMAT = dwarf;
				ENABLE_STRICT_OBJC_MSGSEND = YES;
				ENABLE_TESTABILITY = YES;
				GCC_C_LANGUAGE_STANDARD = gnu11;
				GCC_DYNAMIC_NO_PIC = NO;
				GCC_NO_COMMON_BLOCKS = YES;
				GCC_OPTIMIZATION_LEVEL = 0;
				GCC_PREPROCESSOR_DEFINITIONS = (
					"DEBUG=1",
					"$(inherited)",
				);
				GCC_WARN_64_TO_32_BIT_CONVERSION = YES;
				GCC_WARN_ABOUT_RETURN_TYPE = YES_ERROR;
				GCC_WARN_UNDECLARED_SELECTOR = YES;
				GCC_WARN_UNINITIALIZED_AUTOS = YES_AGGRESSIVE;
				GCC_WARN_UNUSED_FUNCTION = YES;
				GCC_WARN_UNUSED_VARIABLE = YES;
				IPHONEOS_DEPLOYMENT_TARGET = 14.4;
				MTL_ENABLE_DEBUG_INFO = INCLUDE_SOURCE;
				MTL_FAST_MATH = YES;
				ONLY_ACTIVE_ARCH = YES;
				SDKROOT = iphoneos;
				SWIFT_ACTIVE_COMPILATION_CONDITIONS = DEBUG;
				SWIFT_OPTIMIZATION_LEVEL = "-Onone";
			};
			name = Debug;
		};
		5DAD83BF27C9305E00CD2394 /* Release */ = {
			isa = XCBuildConfiguration;
			buildSettings = {
				ALWAYS_SEARCH_USER_PATHS = NO;
				CLANG_ANALYZER_NONNULL = YES;
				CLANG_ANALYZER_NUMBER_OBJECT_CONVERSION = YES_AGGRESSIVE;
				CLANG_CXX_LANGUAGE_STANDARD = "gnu++14";
				CLANG_CXX_LIBRARY = "libc++";
				CLANG_ENABLE_MODULES = YES;
				CLANG_ENABLE_OBJC_ARC = YES;
				CLANG_ENABLE_OBJC_WEAK = YES;
				CLANG_WARN_BLOCK_CAPTURE_AUTORELEASING = YES;
				CLANG_WARN_BOOL_CONVERSION = YES;
				CLANG_WARN_COMMA = YES;
				CLANG_WARN_CONSTANT_CONVERSION = YES;
				CLANG_WARN_DEPRECATED_OBJC_IMPLEMENTATIONS = YES;
				CLANG_WARN_DIRECT_OBJC_ISA_USAGE = YES_ERROR;
				CLANG_WARN_DOCUMENTATION_COMMENTS = YES;
				CLANG_WARN_EMPTY_BODY = YES;
				CLANG_WARN_ENUM_CONVERSION = YES;
				CLANG_WARN_INFINITE_RECURSION = YES;
				CLANG_WARN_INT_CONVERSION = YES;
				CLANG_WARN_NON_LITERAL_NULL_CONVERSION = YES;
				CLANG_WARN_OBJC_IMPLICIT_RETAIN_SELF = YES;
				CLANG_WARN_OBJC_LITERAL_CONVERSION = YES;
				CLANG_WARN_OBJC_ROOT_CLASS = YES_ERROR;
				CLANG_WARN_QUOTED_INCLUDE_IN_FRAMEWORK_HEADER = YES;
				CLANG_WARN_RANGE_LOOP_ANALYSIS = YES;
				CLANG_WARN_STRICT_PROTOTYPES = YES;
				CLANG_WARN_SUSPICIOUS_MOVE = YES;
				CLANG_WARN_UNGUARDED_AVAILABILITY = YES_AGGRESSIVE;
				CLANG_WARN_UNREACHABLE_CODE = YES;
				CLANG_WARN__DUPLICATE_METHOD_MATCH = YES;
				COPY_PHASE_STRIP = NO;
				DEBUG_INFORMATION_FORMAT = "dwarf-with-dsym";
				ENABLE_NS_ASSERTIONS = NO;
				ENABLE_STRICT_OBJC_MSGSEND = YES;
				GCC_C_LANGUAGE_STANDARD = gnu11;
				GCC_NO_COMMON_BLOCKS = YES;
				GCC_WARN_64_TO_32_BIT_CONVERSION = YES;
				GCC_WARN_ABOUT_RETURN_TYPE = YES_ERROR;
				GCC_WARN_UNDECLARED_SELECTOR = YES;
				GCC_WARN_UNINITIALIZED_AUTOS = YES_AGGRESSIVE;
				GCC_WARN_UNUSED_FUNCTION = YES;
				GCC_WARN_UNUSED_VARIABLE = YES;
				IPHONEOS_DEPLOYMENT_TARGET = 14.4;
				MTL_ENABLE_DEBUG_INFO = NO;
				MTL_FAST_MATH = YES;
				SDKROOT = iphoneos;
				SWIFT_COMPILATION_MODE = wholemodule;
				SWIFT_OPTIMIZATION_LEVEL = "-O";
				VALIDATE_PRODUCT = YES;
			};
			name = Release;
		};
		5DAD83C127C9305E00CD2394 /* Debug */ = {
			isa = XCBuildConfiguration;
			buildSettings = {
				ASSETCATALOG_COMPILER_APPICON_NAME = AppIcon;
				ASSETCATALOG_COMPILER_GLOBAL_ACCENT_COLOR_NAME = AccentColor;
				CODE_SIGN_STYLE = Automatic;
				INFOPLIST_FILE = 03ViewStruct/Info.plist;
				LD_RUNPATH_SEARCH_PATHS = (
					"$(inherited)",
					"@executable_path/Frameworks",
				);
				PRODUCT_BUNDLE_IDENTIFIER = "com.study.-3ViewStruct";
				PRODUCT_NAME = "$(TARGET_NAME)";
				SWIFT_VERSION = 5.0;
				TARGETED_DEVICE_FAMILY = "1,2";
			};
			name = Debug;
		};
		5DAD83C227C9305E00CD2394 /* Release */ = {
			isa = XCBuildConfiguration;
			buildSettings = {
				ASSETCATALOG_COMPILER_APPICON_NAME = AppIcon;
				ASSETCATALOG_COMPILER_GLOBAL_ACCENT_COLOR_NAME = AccentColor;
				CODE_SIGN_STYLE = Automatic;
				INFOPLIST_FILE = 03ViewStruct/Info.plist;
				LD_RUNPATH_SEARCH_PATHS = (
					"$(inherited)",
					"@executable_path/Frameworks",
				);
				PRODUCT_BUNDLE_IDENTIFIER = "com.study.-3ViewStruct";
				PRODUCT_NAME = "$(TARGET_NAME)";
				SWIFT_VERSION = 5.0;
				TARGETED_DEVICE_FAMILY = "1,2";
			};
			name = Release;
		};
/* End XCBuildConfiguration section */

/* Begin XCConfigurationList section */
		5DAD83A727C9305800CD2394 /* Build configuration list for PBXProject "03ViewStruct" */ = {
			isa = XCConfigurationList;
			buildConfigurations = (
				5DAD83BE27C9305E00CD2394 /* Debug */,
				5DAD83BF27C9305E00CD2394 /* Release */,
			);
			defaultConfigurationIsVisible = 0;
			defaultConfigurationName = Release;
		};
		5DAD83C027C9305E00CD2394 /* Build configuration list for PBXNativeTarget "03ViewStruct" */ = {
			isa = XCConfigurationList;
			buildConfigurations = (
				5DAD83C127C9305E00CD2394 /* Debug */,
				5DAD83C227C9305E00CD2394 /* Release */,
			);
			defaultConfigurationIsVisible = 0;
			defaultConfigurationName = Release;
		};
/* End XCConfigurationList section */
	};
	rootObject = 5DAD83A427C9305800CD2394 /* Project object */;
}
