// !$*UTF8*$!
{
	archiveVersion = 1;
	classes = {
	};
	objectVersion = 50;
	objects = {

/* Begin PBXBuildFile section */
		5DD955CE27C7C5F70047CDEC /* AppDelegate.swift in Sources */ = {isa = PBXBuildFile; fileRef = 5DD955CD27C7C5F70047CDEC /* AppDelegate.swift */; };
		5DD955D027C7C5F70047CDEC /* SceneDelegate.swift in Sources */ = {isa = PBXBuildFile; fileRef = 5DD955CF27C7C5F70047CDEC /* SceneDelegate.swift */; };
		5DD955D227C7C5F70047CDEC /* ViewController.swift in Sources */ = {isa = PBXBuildFile; fileRef = 5DD955D127C7C5F70047CDEC /* ViewController.swift */; };
		5DD955D527C7C5F70047CDEC /* Main.storyboard in Resources */ = {isa = PBXBuildFile; fileRef = 5DD955D327C7C5F70047CDEC /* Main.storyboard */; };
		5DD955D727C7C5F90047CDEC /* Assets.xcassets in Resources */ = {isa = PBXBuildFile; fileRef = 5DD955D627C7C5F90047CDEC /* Assets.xcassets */; };
		5DD955DA27C7C5F90047CDEC /* LaunchScreen.storyboard in Resources */ = {isa = PBXBuildFile; fileRef = 5DD955D827C7C5F90047CDEC /* LaunchScreen.storyboard */; };
		5DD955E527C7C5F90047CDEC /* _1FirstAppTests.swift in Sources */ = {isa = PBXBuildFile; fileRef = 5DD955E427C7C5F90047CDEC /* _1FirstAppTests.swift */; };
		5DD955F027C7C5F90047CDEC /* _1FirstAppUITests.swift in Sources */ = {isa = PBXBuildFile; fileRef = 5DD955EF27C7C5F90047CDEC /* _1FirstAppUITests.swift */; };
/* End PBXBuildFile section */

/* Begin PBXContainerItemProxy section */
		5DD955E127C7C5F90047CDEC /* PBXContainerItemProxy */ = {
			isa = PBXContainerItemProxy;
			containerPortal = 5DD955C227C7C5F70047CDEC /* Project object */;
			proxyType = 1;
			remoteGlobalIDString = 5DD955C927C7C5F70047CDEC;
			remoteInfo = 01FirstApp;
		};
		5DD955EC27C7C5F90047CDEC /* PBXContainerItemProxy */ = {
			isa = PBXContainerItemProxy;
			containerPortal = 5DD955C227C7C5F70047CDEC /* Project object */;
			proxyType = 1;
			remoteGlobalIDString = 5DD955C927C7C5F70047CDEC;
			remoteInfo = 01FirstApp;
		};
/* End PBXContainerItemProxy section */

/* Begin PBXFileReference section */
		5DD955CA27C7C5F70047CDEC /* 01FirstApp.app */ = {isa = PBXFileReference; explicitFileType = wrapper.application; includeInIndex = 0; path = 01FirstApp.app; sourceTree = BUILT_PRODUCTS_DIR; };
		5DD955CD27C7C5F70047CDEC /* AppDelegate.swift */ = {isa = PBXFileReference; lastKnownFileType = sourcecode.swift; path = AppDelegate.swift; sourceTree = "<group>"; };
		5DD955CF27C7C5F70047CDEC /* SceneDelegate.swift */ = {isa = PBXFileReference; lastKnownFileType = sourcecode.swift; path = SceneDelegate.swift; sourceTree = "<group>"; };
		5DD955D127C7C5F70047CDEC /* ViewController.swift */ = {isa = PBXFileReference; lastKnownFileType = sourcecode.swift; path = ViewController.swift; sourceTree = "<group>"; };
		5DD955D427C7C5F70047CDEC /* Base */ = {isa = PBXFileReference; lastKnownFileType = file.storyboard; name = Base; path = Base.lproj/Main.storyboard; sourceTree = "<group>"; };
		5DD955D627C7C5F90047CDEC /* Assets.xcassets */ = {isa = PBXFileReference; lastKnownFileType = folder.assetcatalog; path = Assets.xcassets; sourceTree = "<group>"; };
		5DD955D927C7C5F90047CDEC /* Base */ = {isa = PBXFileReference; lastKnownFileType = file.storyboard; name = Base; path = Base.lproj/LaunchScreen.storyboard; sourceTree = "<group>"; };
		5DD955DB27C7C5F90047CDEC /* Info.plist */ = {isa = PBXFileReference; lastKnownFileType = text.plist.xml; path = Info.plist; sourceTree = "<group>"; };
		5DD955E027C7C5F90047CDEC /* 01FirstAppTests.xctest */ = {isa = PBXFileReference; explicitFileType = wrapper.cfbundle; includeInIndex = 0; path = 01FirstAppTests.xctest; sourceTree = BUILT_PRODUCTS_DIR; };
		5DD955E427C7C5F90047CDEC /* _1FirstAppTests.swift */ = {isa = PBXFileReference; lastKnownFileType = sourcecode.swift; path = _1FirstAppTests.swift; sourceTree = "<group>"; };
		5DD955E627C7C5F90047CDEC /* Info.plist */ = {isa = PBXFileReference; lastKnownFileType = text.plist.xml; path = Info.plist; sourceTree = "<group>"; };
		5DD955EB27C7C5F90047CDEC /* 01FirstAppUITests.xctest */ = {isa = PBXFileReference; explicitFileType = wrapper.cfbundle; includeInIndex = 0; path = 01FirstAppUITests.xctest; sourceTree = BUILT_PRODUCTS_DIR; };
		5DD955EF27C7C5F90047CDEC /* _1FirstAppUITests.swift */ = {isa = PBXFileReference; lastKnownFileType = sourcecode.swift; path = _1FirstAppUITests.swift; sourceTree = "<group>"; };
		5DD955F127C7C5F90047CDEC /* Info.plist */ = {isa = PBXFileReference; lastKnownFileType = text.plist.xml; path = Info.plist; sourceTree = "<group>"; };
/* End PBXFileReference section */

/* Begin PBXFrameworksBuildPhase section */
		5DD955C727C7C5F70047CDEC /* Frameworks */ = {
			isa = PBXFrameworksBuildPhase;
			buildActionMask = 2147483647;
			files = (
			);
			runOnlyForDeploymentPostprocessing = 0;
		};
		5DD955DD27C7C5F90047CDEC /* Frameworks */ = {
			isa = PBXFrameworksBuildPhase;
			buildActionMask = 2147483647;
			files = (
			);
			runOnlyForDeploymentPostprocessing = 0;
		};
		5DD955E827C7C5F90047CDEC /* Frameworks */ = {
			isa = PBXFrameworksBuildPhase;
			buildActionMask = 2147483647;
			files = (
			);
			runOnlyForDeploymentPostprocessing = 0;
		};
/* End PBXFrameworksBuildPhase section */

/* Begin PBXGroup section */
		5DD955C127C7C5F70047CDEC = {
			isa = PBXGroup;
			children = (
				5DD955CC27C7C5F70047CDEC /* 01FirstApp */,
				5DD955E327C7C5F90047CDEC /* 01FirstAppTests */,
				5DD955EE27C7C5F90047CDEC /* 01FirstAppUITests */,
				5DD955CB27C7C5F70047CDEC /* Products */,
			);
			sourceTree = "<group>";
		};
		5DD955CB27C7C5F70047CDEC /* Products */ = {
			isa = PBXGroup;
			children = (
				5DD955CA27C7C5F70047CDEC /* 01FirstApp.app */,
				5DD955E027C7C5F90047CDEC /* 01FirstAppTests.xctest */,
				5DD955EB27C7C5F90047CDEC /* 01FirstAppUITests.xctest */,
			);
			name = Products;
			sourceTree = "<group>";
		};
		5DD955CC27C7C5F70047CDEC /* 01FirstApp */ = {
			isa = PBXGroup;
			children = (
				5DD955CD27C7C5F70047CDEC /* AppDelegate.swift */,
				5DD955CF27C7C5F70047CDEC /* SceneDelegate.swift */,
				5DD955D127C7C5F70047CDEC /* ViewController.swift */,
				5DD955D327C7C5F70047CDEC /* Main.storyboard */,
				5DD955D627C7C5F90047CDEC /* Assets.xcassets */,
				5DD955D827C7C5F90047CDEC /* LaunchScreen.storyboard */,
				5DD955DB27C7C5F90047CDEC /* Info.plist */,
			);
			path = 01FirstApp;
			sourceTree = "<group>";
		};
		5DD955E327C7C5F90047CDEC /* 01FirstAppTests */ = {
			isa = PBXGroup;
			children = (
				5DD955E427C7C5F90047CDEC /* _1FirstAppTests.swift */,
				5DD955E627C7C5F90047CDEC /* Info.plist */,
			);
			path = 01FirstAppTests;
			sourceTree = "<group>";
		};
		5DD955EE27C7C5F90047CDEC /* 01FirstAppUITests */ = {
			isa = PBXGroup;
			children = (
				5DD955EF27C7C5F90047CDEC /* _1FirstAppUITests.swift */,
				5DD955F127C7C5F90047CDEC /* Info.plist */,
			);
			path = 01FirstAppUITests;
			sourceTree = "<group>";
		};
/* End PBXGroup section */

/* Begin PBXNativeTarget section */
		5DD955C927C7C5F70047CDEC /* 01FirstApp */ = {
			isa = PBXNativeTarget;
			buildConfigurationList = 5DD955F427C7C5F90047CDEC /* Build configuration list for PBXNativeTarget "01FirstApp" */;
			buildPhases = (
				5DD955C627C7C5F70047CDEC /* Sources */,
				5DD955C727C7C5F70047CDEC /* Frameworks */,
				5DD955C827C7C5F70047CDEC /* Resources */,
			);
			buildRules = (
			);
			dependencies = (
			);
			name = 01FirstApp;
			productName = 01FirstApp;
			productReference = 5DD955CA27C7C5F70047CDEC /* 01FirstApp.app */;
			productType = "com.apple.product-type.application";
		};
		5DD955DF27C7C5F90047CDEC /* 01FirstAppTests */ = {
			isa = PBXNativeTarget;
			buildConfigurationList = 5DD955F727C7C5F90047CDEC /* Build configuration list for PBXNativeTarget "01FirstAppTests" */;
			buildPhases = (
				5DD955DC27C7C5F90047CDEC /* Sources */,
				5DD955DD27C7C5F90047CDEC /* Frameworks */,
				5DD955DE27C7C5F90047CDEC /* Resources */,
			);
			buildRules = (
			);
			dependencies = (
				5DD955E227C7C5F90047CDEC /* PBXTargetDependency */,
			);
			name = 01FirstAppTests;
			productName = 01FirstAppTests;
			productReference = 5DD955E027C7C5F90047CDEC /* 01FirstAppTests.xctest */;
			productType = "com.apple.product-type.bundle.unit-test";
		};
		5DD955EA27C7C5F90047CDEC /* 01FirstAppUITests */ = {
			isa = PBXNativeTarget;
			buildConfigurationList = 5DD955FA27C7C5F90047CDEC /* Build configuration list for PBXNativeTarget "01FirstAppUITests" */;
			buildPhases = (
				5DD955E727C7C5F90047CDEC /* Sources */,
				5DD955E827C7C5F90047CDEC /* Frameworks */,
				5DD955E927C7C5F90047CDEC /* Resources */,
			);
			buildRules = (
			);
			dependencies = (
				5DD955ED27C7C5F90047CDEC /* PBXTargetDependency */,
			);
			name = 01FirstAppUITests;
			productName = 01FirstAppUITests;
			productReference = 5DD955EB27C7C5F90047CDEC /* 01FirstAppUITests.xctest */;
			productType = "com.apple.product-type.bundle.ui-testing";
		};
/* End PBXNativeTarget section */

/* Begin PBXProject section */
		5DD955C227C7C5F70047CDEC /* Project object */ = {
			isa = PBXProject;
			attributes = {
				LastSwiftUpdateCheck = 1240;
				LastUpgradeCheck = 1240;
				TargetAttributes = {
					5DD955C927C7C5F70047CDEC = {
						CreatedOnToolsVersion = 12.4;
					};
					5DD955DF27C7C5F90047CDEC = {
						CreatedOnToolsVersion = 12.4;
						TestTargetID = 5DD955C927C7C5F70047CDEC;
					};
					5DD955EA27C7C5F90047CDEC = {
						CreatedOnToolsVersion = 12.4;
						TestTargetID = 5DD955C927C7C5F70047CDEC;
					};
				};
			};
			buildConfigurationList = 5DD955C527C7C5F70047CDEC /* Build configuration list for PBXProject "01FirstApp" */;
			compatibilityVersion = "Xcode 9.3";
			developmentRegion = en;
			hasScannedForEncodings = 0;
			knownRegions = (
				en,
				Base,
			);
			mainGroup = 5DD955C127C7C5F70047CDEC;
			productRefGroup = 5DD955CB27C7C5F70047CDEC /* Products */;
			projectDirPath = "";
			projectRoot = "";
			targets = (
				5DD955C927C7C5F70047CDEC /* 01FirstApp */,
				5DD955DF27C7C5F90047CDEC /* 01FirstAppTests */,
				5DD955EA27C7C5F90047CDEC /* 01FirstAppUITests */,
			);
		};
/* End PBXProject section */

/* Begin PBXResourcesBuildPhase section */
		5DD955C827C7C5F70047CDEC /* Resources */ = {
			isa = PBXResourcesBuildPhase;
			buildActionMask = 2147483647;
			files = (
				5DD955DA27C7C5F90047CDEC /* LaunchScreen.storyboard in Resources */,
				5DD955D727C7C5F90047CDEC /* Assets.xcassets in Resources */,
				5DD955D527C7C5F70047CDEC /* Main.storyboard in Resources */,
			);
			runOnlyForDeploymentPostprocessing = 0;
		};
		5DD955DE27C7C5F90047CDEC /* Resources */ = {
			isa = PBXResourcesBuildPhase;
			buildActionMask = 2147483647;
			files = (
			);
			runOnlyForDeploymentPostprocessing = 0;
		};
		5DD955E927C7C5F90047CDEC /* Resources */ = {
			isa = PBXResourcesBuildPhase;
			buildActionMask = 2147483647;
			files = (
			);
			runOnlyForDeploymentPostprocessing = 0;
		};
/* End PBXResourcesBuildPhase section */

/* Begin PBXSourcesBuildPhase section */
		5DD955C627C7C5F70047CDEC /* Sources */ = {
			isa = PBXSourcesBuildPhase;
			buildActionMask = 2147483647;
			files = (
				5DD955D227C7C5F70047CDEC /* ViewController.swift in Sources */,
				5DD955CE27C7C5F70047CDEC /* AppDelegate.swift in Sources */,
				5DD955D027C7C5F70047CDEC /* SceneDelegate.swift in Sources */,
			);
			runOnlyForDeploymentPostprocessing = 0;
		};
		5DD955DC27C7C5F90047CDEC /* Sources */ = {
			isa = PBXSourcesBuildPhase;
			buildActionMask = 2147483647;
			files = (
				5DD955E527C7C5F90047CDEC /* _1FirstAppTests.swift in Sources */,
			);
			runOnlyForDeploymentPostprocessing = 0;
		};
		5DD955E727C7C5F90047CDEC /* Sources */ = {
			isa = PBXSourcesBuildPhase;
			buildActionMask = 2147483647;
			files = (
				5DD955F027C7C5F90047CDEC /* _1FirstAppUITests.swift in Sources */,
			);
			runOnlyForDeploymentPostprocessing = 0;
		};
/* End PBXSourcesBuildPhase section */

/* Begin PBXTargetDependency section */
		5DD955E227C7C5F90047CDEC /* PBXTargetDependency */ = {
			isa = PBXTargetDependency;
			target = 5DD955C927C7C5F70047CDEC /* 01FirstApp */;
			targetProxy = 5DD955E127C7C5F90047CDEC /* PBXContainerItemProxy */;
		};
		5DD955ED27C7C5F90047CDEC /* PBXTargetDependency */ = {
			isa = PBXTargetDependency;
			target = 5DD955C927C7C5F70047CDEC /* 01FirstApp */;
			targetProxy = 5DD955EC27C7C5F90047CDEC /* PBXContainerItemProxy */;
		};
/* End PBXTargetDependency section */

/* Begin PBXVariantGroup section */
		5DD955D327C7C5F70047CDEC /* Main.storyboard */ = {
			isa = PBXVariantGroup;
			children = (
				5DD955D427C7C5F70047CDEC /* Base */,
			);
			name = Main.storyboard;
			sourceTree = "<group>";
		};
		5DD955D827C7C5F90047CDEC /* LaunchScreen.storyboard */ = {
			isa = PBXVariantGroup;
			children = (
				5DD955D927C7C5F90047CDEC /* Base */,
			);
			name = LaunchScreen.storyboard;
			sourceTree = "<group>";
		};
/* End PBXVariantGroup section */

/* Begin XCBuildConfiguration section */
		5DD955F227C7C5F90047CDEC /* Debug */ = {
			isa = XCBuildConfiguration;
			buildSettings = {
				ALWAYS_SEARCH_USER_PATHS = NO;
				CLANG_ANALYZER_NONNULL = YES;
				CLANG_ANALYZER_NUMBER_OBJECT_CONVERSION = YES_AGGRESSIVE;
				CLANG_CXX_LANGUAGE_STANDARD = "gnu++14";
				CLANG_CXX_LIBRARY = "libc++";
				CLANG_ENABLE_MODULES = YES;
				CLANG_ENABLE_OBJC_ARC = YES;
				CLANG_ENABLE_OBJC_WEAK = YES;
				CLANG_WARN_BLOCK_CAPTURE_AUTORELEASING = YES;
				CLANG_WARN_BOOL_CONVERSION = YES;
				CLANG_WARN_COMMA = YES;
				CLANG_WARN_CONSTANT_CONVERSION = YES;
				CLANG_WARN_DEPRECATED_OBJC_IMPLEMENTATIONS = YES;
				CLANG_WARN_DIRECT_OBJC_ISA_USAGE = YES_ERROR;
				CLANG_WARN_DOCUMENTATION_COMMENTS = YES;
				CLANG_WARN_EMPTY_BODY = YES;
				CLANG_WARN_ENUM_CONVERSION = YES;
				CLANG_WARN_INFINITE_RECURSION = YES;
				CLANG_WARN_INT_CONVERSION = YES;
				CLANG_WARN_NON_LITERAL_NULL_CONVERSION = YES;
				CLANG_WARN_OBJC_IMPLICIT_RETAIN_SELF = YES;
				CLANG_WARN_OBJC_LITERAL_CONVERSION = YES;
				CLANG_WARN_OBJC_ROOT_CLASS = YES_ERROR;
				CLANG_WARN_QUOTED_INCLUDE_IN_FRAMEWORK_HEADER = YES;
				CLANG_WARN_RANGE_LOOP_ANALYSIS = YES;
				CLANG_WARN_STRICT_PROTOTYPES = YES;
				CLANG_WARN_SUSPICIOUS_MOVE = YES;
				CLANG_WARN_UNGUARDED_AVAILABILITY = YES_AGGRESSIVE;
				CLANG_WARN_UNREACHABLE_CODE = YES;
				CLANG_WARN__DUPLICATE_METHOD_MATCH = YES;
				COPY_PHASE_STRIP = NO;
				DEBUG_INFORMATION_FORMAT = dwarf;
				ENABLE_STRICT_OBJC_MSGSEND = YES;
				ENABLE_TESTABILITY = YES;
				GCC_C_LANGUAGE_STANDARD = gnu11;
				GCC_DYNAMIC_NO_PIC = NO;
				GCC_NO_COMMON_BLOCKS = YES;
				GCC_OPTIMIZATION_LEVEL = 0;
				GCC_PREPROCESSOR_DEFINITIONS = (
					"DEBUG=1",
					"$(inherited)",
				);
				GCC_WARN_64_TO_32_BIT_CONVERSION = YES;
				GCC_WARN_ABOUT_RETURN_TYPE = YES_ERROR;
				GCC_WARN_UNDECLARED_SELECTOR = YES;
				GCC_WARN_UNINITIALIZED_AUTOS = YES_AGGRESSIVE;
				GCC_WARN_UNUSED_FUNCTION = YES;
				GCC_WARN_UNUSED_VARIABLE = YES;
				IPHONEOS_DEPLOYMENT_TARGET = 14.4;
				MTL_ENABLE_DEBUG_INFO = INCLUDE_SOURCE;
				MTL_FAST_MATH = YES;
				ONLY_ACTIVE_ARCH = YES;
				SDKROOT = iphoneos;
				SWIFT_ACTIVE_COMPILATION_CONDITIONS = DEBUG;
				SWIFT_OPTIMIZATION_LEVEL = "-Onone";
			};
			name = Debug;
		};
		5DD955F327C7C5F90047CDEC /* Release */ = {
			isa = XCBuildConfiguration;
			buildSettings = {
				ALWAYS_SEARCH_USER_PATHS = NO;
				CLANG_ANALYZER_NONNULL = YES;
				CLANG_ANALYZER_NUMBER_OBJECT_CONVERSION = YES_AGGRESSIVE;
				CLANG_CXX_LANGUAGE_STANDARD = "gnu++14";
				CLANG_CXX_LIBRARY = "libc++";
				CLANG_ENABLE_MODULES = YES;
				CLANG_ENABLE_OBJC_ARC = YES;
				CLANG_ENABLE_OBJC_WEAK = YES;
				CLANG_WARN_BLOCK_CAPTURE_AUTORELEASING = YES;
				CLANG_WARN_BOOL_CONVERSION = YES;
				CLANG_WARN_COMMA = YES;
				CLANG_WARN_CONSTANT_CONVERSION = YES;
				CLANG_WARN_DEPRECATED_OBJC_IMPLEMENTATIONS = YES;
				CLANG_WARN_DIRECT_OBJC_ISA_USAGE = YES_ERROR;
				CLANG_WARN_DOCUMENTATION_COMMENTS = YES;
				CLANG_WARN_EMPTY_BODY = YES;
				CLANG_WARN_ENUM_CONVERSION = YES;
				CLANG_WARN_INFINITE_RECURSION = YES;
				CLANG_WARN_INT_CONVERSION = YES;
				CLANG_WARN_NON_LITERAL_NULL_CONVERSION = YES;
				CLANG_WARN_OBJC_IMPLICIT_RETAIN_SELF = YES;
				CLANG_WARN_OBJC_LITERAL_CONVERSION = YES;
				CLANG_WARN_OBJC_ROOT_CLASS = YES_ERROR;
				CLANG_WARN_QUOTED_INCLUDE_IN_FRAMEWORK_HEADER = YES;
				CLANG_WARN_RANGE_LOOP_ANALYSIS = YES;
				CLANG_WARN_STRICT_PROTOTYPES = YES;
				CLANG_WARN_SUSPICIOUS_MOVE = YES;
				CLANG_WARN_UNGUARDED_AVAILABILITY = YES_AGGRESSIVE;
				CLANG_WARN_UNREACHABLE_CODE = YES;
				CLANG_WARN__DUPLICATE_METHOD_MATCH = YES;
				COPY_PHASE_STRIP = NO;
				DEBUG_INFORMATION_FORMAT = "dwarf-with-dsym";
				ENABLE_NS_ASSERTIONS = NO;
				ENABLE_STRICT_OBJC_MSGSEND = YES;
				GCC_C_LANGUAGE_STANDARD = gnu11;
				GCC_NO_COMMON_BLOCKS = YES;
				GCC_WARN_64_TO_32_BIT_CONVERSION = YES;
				GCC_WARN_ABOUT_RETURN_TYPE = YES_ERROR;
				GCC_WARN_UNDECLARED_SELECTOR = YES;
				GCC_WARN_UNINITIALIZED_AUTOS = YES_AGGRESSIVE;
				GCC_WARN_UNUSED_FUNCTION = YES;
				GCC_WARN_UNUSED_VARIABLE = YES;
				IPHONEOS_DEPLOYMENT_TARGET = 14.4;
				MTL_ENABLE_DEBUG_INFO = NO;
				MTL_FAST_MATH = YES;
				SDKROOT = iphoneos;
				SWIFT_COMPILATION_MODE = wholemodule;
				SWIFT_OPTIMIZATION_LEVEL = "-O";
				VALIDATE_PRODUCT = YES;
			};
			name = Release;
		};
		5DD955F527C7C5F90047CDEC /* Debug */ = {
			isa = XCBuildConfiguration;
			buildSettings = {
				ASSETCATALOG_COMPILER_APPICON_NAME = AppIcon;
				ASSETCATALOG_COMPILER_GLOBAL_ACCENT_COLOR_NAME = AccentColor;
				CODE_SIGN_STYLE = Automatic;
				INFOPLIST_FILE = 01FirstApp/Info.plist;
				IPHONEOS_DEPLOYMENT_TARGET = 14.4;
				LD_RUNPATH_SEARCH_PATHS = (
					"$(inherited)",
					"@executable_path/Frameworks",
				);
				PRODUCT_BUNDLE_IDENTIFIER = "com.study.-1FirstApp";
				PRODUCT_NAME = "$(TARGET_NAME)";
				SWIFT_VERSION = 5.0;
				TARGETED_DEVICE_FAMILY = "1,2";
			};
			name = Debug;
		};
		5DD955F627C7C5F90047CDEC /* Release */ = {
			isa = XCBuildConfiguration;
			buildSettings = {
				ASSETCATALOG_COMPILER_APPICON_NAME = AppIcon;
				ASSETCATALOG_COMPILER_GLOBAL_ACCENT_COLOR_NAME = AccentColor;
				CODE_SIGN_STYLE = Automatic;
				INFOPLIST_FILE = 01FirstApp/Info.plist;
				IPHONEOS_DEPLOYMENT_TARGET = 14.4;
				LD_RUNPATH_SEARCH_PATHS = (
					"$(inherited)",
					"@executable_path/Frameworks",
				);
				PRODUCT_BUNDLE_IDENTIFIER = "com.study.-1FirstApp";
				PRODUCT_NAME = "$(TARGET_NAME)";
				SWIFT_VERSION = 5.0;
				TARGETED_DEVICE_FAMILY = "1,2";
			};
			name = Release;
		};
		5DD955F827C7C5F90047CDEC /* Debug */ = {
			isa = XCBuildConfiguration;
			buildSettings = {
				ALWAYS_EMBED_SWIFT_STANDARD_LIBRARIES = YES;
				BUNDLE_LOADER = "$(TEST_HOST)";
				CODE_SIGN_STYLE = Automatic;
				INFOPLIST_FILE = 01FirstAppTests/Info.plist;
				IPHONEOS_DEPLOYMENT_TARGET = 14.4;
				LD_RUNPATH_SEARCH_PATHS = (
					"$(inherited)",
					"@executable_path/Frameworks",
					"@loader_path/Frameworks",
				);
				PRODUCT_BUNDLE_IDENTIFIER = "com.study.-1FirstAppTests";
				PRODUCT_NAME = "$(TARGET_NAME)";
				SWIFT_VERSION = 5.0;
				TARGETED_DEVICE_FAMILY = "1,2";
				TEST_HOST = "$(BUILT_PRODUCTS_DIR)/01FirstApp.app/01FirstApp";
			};
			name = Debug;
		};
		5DD955F927C7C5F90047CDEC /* Release */ = {
			isa = XCBuildConfiguration;
			buildSettings = {
				ALWAYS_EMBED_SWIFT_STANDARD_LIBRARIES = YES;
				BUNDLE_LOADER = "$(TEST_HOST)";
				CODE_SIGN_STYLE = Automatic;
				INFOPLIST_FILE = 01FirstAppTests/Info.plist;
				IPHONEOS_DEPLOYMENT_TARGET = 14.4;
				LD_RUNPATH_SEARCH_PATHS = (
					"$(inherited)",
					"@executable_path/Frameworks",
					"@loader_path/Frameworks",
				);
				PRODUCT_BUNDLE_IDENTIFIER = "com.study.-1FirstAppTests";
				PRODUCT_NAME = "$(TARGET_NAME)";
				SWIFT_VERSION = 5.0;
				TARGETED_DEVICE_FAMILY = "1,2";
				TEST_HOST = "$(BUILT_PRODUCTS_DIR)/01FirstApp.app/01FirstApp";
			};
			name = Release;
		};
		5DD955FB27C7C5F90047CDEC /* Debug */ = {
			isa = XCBuildConfiguration;
			buildSettings = {
				ALWAYS_EMBED_SWIFT_STANDARD_LIBRARIES = YES;
				CODE_SIGN_STYLE = Automatic;
				INFOPLIST_FILE = 01FirstAppUITests/Info.plist;
				LD_RUNPATH_SEARCH_PATHS = (
					"$(inherited)",
					"@executable_path/Frameworks",
					"@loader_path/Frameworks",
				);
				PRODUCT_BUNDLE_IDENTIFIER = "com.study.-1FirstAppUITests";
				PRODUCT_NAME = "$(TARGET_NAME)";
				SWIFT_VERSION = 5.0;
				TARGETED_DEVICE_FAMILY = "1,2";
				TEST_TARGET_NAME = 01FirstApp;
			};
			name = Debug;
		};
		5DD955FC27C7C5F90047CDEC /* Release */ = {
			isa = XCBuildConfiguration;
			buildSettings = {
				ALWAYS_EMBED_SWIFT_STANDARD_LIBRARIES = YES;
				CODE_SIGN_STYLE = Automatic;
				INFOPLIST_FILE = 01FirstAppUITests/Info.plist;
				LD_RUNPATH_SEARCH_PATHS = (
					"$(inherited)",
					"@executable_path/Frameworks",
					"@loader_path/Frameworks",
				);
				PRODUCT_BUNDLE_IDENTIFIER = "com.study.-1FirstAppUITests";
				PRODUCT_NAME = "$(TARGET_NAME)";
				SWIFT_VERSION = 5.0;
				TARGETED_DEVICE_FAMILY = "1,2";
				TEST_TARGET_NAME = 01FirstApp;
			};
			name = Release;
		};
/* End XCBuildConfiguration section */

/* Begin XCConfigurationList section */
		5DD955C527C7C5F70047CDEC /* Build configuration list for PBXProject "01FirstApp" */ = {
			isa = XCConfigurationList;
			buildConfigurations = (
				5DD955F227C7C5F90047CDEC /* Debug */,
				5DD955F327C7C5F90047CDEC /* Release */,
			);
			defaultConfigurationIsVisible = 0;
			defaultConfigurationName = Release;
		};
		5DD955F427C7C5F90047CDEC /* Build configuration list for PBXNativeTarget "01FirstApp" */ = {
			isa = XCConfigurationList;
			buildConfigurations = (
				5DD955F527C7C5F90047CDEC /* Debug */,
				5DD955F627C7C5F90047CDEC /* Release */,
			);
			defaultConfigurationIsVisible = 0;
			defaultConfigurationName = Release;
		};
		5DD955F727C7C5F90047CDEC /* Build configuration list for PBXNativeTarget "01FirstAppTests" */ = {
			isa = XCConfigurationList;
			buildConfigurations = (
				5DD955F827C7C5F90047CDEC /* Debug */,
				5DD955F927C7C5F90047CDEC /* Release */,
			);
			defaultConfigurationIsVisible = 0;
			defaultConfigurationName = Release;
		};
		5DD955FA27C7C5F90047CDEC /* Build configuration list for PBXNativeTarget "01FirstAppUITests" */ = {
			isa = XCConfigurationList;
			buildConfigurations = (
				5DD955FB27C7C5F90047CDEC /* Debug */,
				5DD955FC27C7C5F90047CDEC /* Release */,
			);
			defaultConfigurationIsVisible = 0;
			defaultConfigurationName = Release;
		};
/* End XCConfigurationList section */
	};
	rootObject = 5DD955C227C7C5F70047CDEC /* Project object */;
}
